
Microsoft Visual Studio Solution File, Format Version 12.00
# Visual Studio 15
VisualStudioVersion = 15.0.27130.2010
MinimumVisualStudioVersion = 10.0.40219.1
Project("{FAE04EC0-301F-11D3-BF4B-00C04F79EFBC}") = "inventory_system", "inventory_system\inventory_system.csproj", "{35489D51-78EA-4ED2-8BEE-52432AAE5BAD}"
EndProject
Global
	GlobalSection(SolutionConfigurationPlatforms) = preSolution
		Debug|Any CPU = Debug|Any CPU
		Release|Any CPU = Release|Any CPU
	EndGlobalSection
	GlobalSection(ProjectConfigurationPlatforms) = postSolution
		{35489D51-78EA-4ED2-8BEE-52432AAE5BAD}.Debug|Any CPU.ActiveCfg = Debug|Any CPU
		{35489D51-78EA-4ED2-8BEE-52432AAE5BAD}.Debug|Any CPU.Build.0 = Debug|Any CPU
		{35489D51-78EA-4ED2-8BEE-52432AAE5BAD}.Release|Any CPU.ActiveCfg = Release|Any CPU
		{35489D51-78EA-4ED2-8BEE-52432AAE5BAD}.Release|Any CPU.Build.0 = Release|Any CPU
	EndGlobalSection
	GlobalSection(SolutionProperties) = preSolution
		HideSolutionNode = FALSE
	EndGlobalSection
	GlobalSection(ExtensibilityGlobals) = postSolution
		SolutionGuid = {6CF23378-5826-4320-AC4E-371724B0FB16}
	EndGlobalSection
EndGlobal
